
Microsoft Visual Studio Solution File, Format Version 12.00
# Visual Studio Version 16
VisualStudioVersion = 16.0.31229.75
MinimumVisualStudioVersion = 10.0.40219.1
Project("{FAE04EC0-301F-11D3-BF4B-00C04F79EFBC}") = "TwitchNotifier", "TwitchNotifier\TwitchNotifier.csproj", "{E1BE9AE6-1DF7-40A2-AB2C-C1CDC84D3C88}"
EndProject
Global
	GlobalSection(SolutionConfigurationPlatforms) = preSolution
		Debug|Any CPU = Debug|Any CPU
		Release|Any CPU = Release|Any CPU
	EndGlobalSection
	GlobalSection(ProjectConfigurationPlatforms) = postSolution
		{E1BE9AE6-1DF7-40A2-AB2C-C1CDC84D3C88}.Debug|Any CPU.ActiveCfg = Debug|Any CPU
		{E1BE9AE6-1DF7-40A2-AB2C-C1CDC84D3C88}.Debug|Any CPU.Build.0 = Debug|Any CPU
		{E1BE9AE6-1DF7-40A2-AB2C-C1CDC84D3C88}.Release|Any CPU.ActiveCfg = Release|Any CPU
		{E1BE9AE6-1DF7-40A2-AB2C-C1CDC84D3C88}.Release|Any CPU.Build.0 = Release|Any CPU
	EndGlobalSection
	GlobalSection(SolutionProperties) = preSolution
		HideSolutionNode = FALSE
	EndGlobalSection
	GlobalSection(ExtensibilityGlobals) = postSolution
		SolutionGuid = {CB60F729-ABCB-47EA-8B26-0731BA16D85B}
	EndGlobalSection
EndGlobal
